<?xml version="1.0" encoding="utf-8"?>
<Project ToolsVersion="4.0" xmlns="http://schemas.microsoft.com/developer/msbuild/2003">
  <ItemGroup>
    <Filter Include="ZZZMisc">
      <UniqueIdentifier>{9804593a-f254-486a-b221-e2cf9a52c87a}</UniqueIdentifier>
    </Filter>
    <Filter Include="ZZZMisc\Header Files">
      <UniqueIdentifier>{93995380-89BD-4b04-88EB-625FBE52EBFB}</UniqueIdentifier>
      <Extensions>h;hh;hpp;hxx;hm;inl;inc;xsd</Extensions>
    </Filter>
    <Filter Include="ZZZMisc\Resource Files">
      <UniqueIdentifier>{67DA6AB6-F800-4c08-8B7A-83BB121AAD01}</UniqueIdentifier>
      <Extensions>rc;ico;cur;bmp;dlg;rc2;rct;bin;rgs;gif;jpg;jpeg;jpe;resx;tiff;tif;png;wav;mfcribbon-ms</Extensions>
    </Filter>
    <Filter Include="ZZZMisc\Source Files">
      <UniqueIdentifier>{4FC737F1-C7A5-4376-A066-2A32D752A2FF}</UniqueIdentifier>
      <Extensions>cpp;c;cc;cxx;def;odl;idl;hpj;bat;asm;asmx</Extensions>
    </Filter>
    <Filter Include="MainWindow">
      <UniqueIdentifier>{2fc07a53-17ba-4f8b-963e-a3db4f4c4a2a}</UniqueIdentifier>
    </Filter>
  </ItemGroup>
  <ItemGroup>
    <Text Include="ReadMe.txt" />
  </ItemGroup>
  <ItemGroup>
    <ClInclude Include="stdafx.h">
      <Filter>ZZZMisc\Header Files</Filter>
    </ClInclude>
    <ClInclude Include="targetver.h">
      <Filter>ZZZMisc\Header Files</Filter>
    </ClInclude>
    <ClInclude Include="resource.h">
      <Filter>ZZZMisc\Header Files</Filter>
    </ClInclude>
    <ClInclude Include="MainWindow.h">
      <Filter>MainWindow</Filter>
    </ClInclude>
  </ItemGroup>
  <ItemGroup>
    <ClCompile Include="stdafx.cpp">
      <Filter>ZZZMisc\Source Files</Filter>
    </ClCompile>
    <ClCompile Include="minitwivp.cpp">
      <Filter>ZZZMisc\Source Files</Filter>
    </ClCompile>
    <ClCompile Include="MainWindow.cpp">
      <Filter>MainWindow</Filter>
    </ClCompile>
  </ItemGroup>
  <ItemGroup>
    <ResourceCompile Include="Resource.rc">
      <Filter>ZZZMisc\Resource Files</Filter>
    </ResourceCompile>
  </ItemGroup>
</Project>