Microsoft Visual Studio Solution File, Format Version 12.00
# Visual Studio 2013
VisualStudioVersion = 12.0.31101.0
MinimumVisualStudioVersion = 10.0.40219.1
Project("{8BC9CEB8-8B4A-11D0-8D11-00A0C91BC942}") = "Host", "Host\Host.vcxproj", "{FB0F3440-F6D5-457D-A248-294DB4EF1080}"
	ProjectSection(ProjectDependencies) = postProject
		{6599B816-C67F-4DB2-B63D-DA04AAA5CD32} = {6599B816-C67F-4DB2-B63D-DA04AAA5CD32}
		{CB084E48-D765-4982-9F26-817A3E8E968B} = {CB084E48-D765-4982-9F26-817A3E8E968B}
		{3AD8CC48-9221-480A-9B11-FAA7A54FC340} = {3AD8CC48-9221-480A-9B11-FAA7A54FC340}
		{17F9075F-67AC-4EAB-8181-C195A5D52696} = {17F9075F-67AC-4EAB-8181-C195A5D52696}
		{8F3FE293-D9B1-4C72-BB96-155AF4A8910B} = {8F3FE293-D9B1-4C72-BB96-155AF4A8910B}
		{DA6F56B4-06A4-441D-AD70-AC5A7D51FADB} = {DA6F56B4-06A4-441D-AD70-AC5A7D51FADB}
		{5CC01FDF-2C23-4363-9AD5-A1F99A9C7761} = {5CC01FDF-2C23-4363-9AD5-A1F99A9C7761}
		{12B37EEA-E9CB-40E9-93D5-C6D1DEF11B72} = {12B37EEA-E9CB-40E9-93D5-C6D1DEF11B72}
	EndProjectSection
EndProject
Project("{8BC9CEB8-8B4A-11D0-8D11-00A0C91BC942}") = "twiconn", "twiconn\twiconn.vcxproj", "{CB084E48-D765-4982-9F26-817A3E8E968B}"
EndProject
Project("{8BC9CEB8-8B4A-11D0-8D11-00A0C91BC942}") = "twitter", "twitter\twitter.vcxproj", "{5CC01FDF-2C23-4363-9AD5-A1F99A9C7761}"
	ProjectSection(ProjectDependencies) = postProject
		{CB084E48-D765-4982-9F26-817A3E8E968B} = {CB084E48-D765-4982-9F26-817A3E8E968B}
		{3AD8CC48-9221-480A-9B11-FAA7A54FC340} = {3AD8CC48-9221-480A-9B11-FAA7A54FC340}
		{17F9075F-67AC-4EAB-8181-C195A5D52696} = {17F9075F-67AC-4EAB-8181-C195A5D52696}
		{8F3FE293-D9B1-4C72-BB96-155AF4A8910B} = {8F3FE293-D9B1-4C72-BB96-155AF4A8910B}
		{614567E1-0A47-4134-9A0F-2CA28D383B0F} = {614567E1-0A47-4134-9A0F-2CA28D383B0F}
	EndProjectSection
EndProject
Project("{8BC9CEB8-8B4A-11D0-8D11-00A0C91BC942}") = "libcurl", "curl\projects\Windows\VC12\lib\libcurl.vcxproj", "{DA6F56B4-06A4-441D-AD70-AC5A7D51FADB}"
EndProject
Project("{930C7802-8A8C-48F9-8165-68863BCCD9DD}") = "Setup", "Setup\Setup.wixproj", "{B1BE1550-FAC7-4BC1-B214-D839C901EE78}"
	ProjectSection(ProjectDependencies) = postProject
		{6599B816-C67F-4DB2-B63D-DA04AAA5CD32} = {6599B816-C67F-4DB2-B63D-DA04AAA5CD32}
	EndProjectSection
EndProject
Project("{8BC9CEB8-8B4A-11D0-8D11-00A0C91BC942}") = "asyncsvc", "model-libs\asyncsvc\asyncsvc.vcxproj", "{17F9075F-67AC-4EAB-8181-C195A5D52696}"
EndProject
Project("{8BC9CEB8-8B4A-11D0-8D11-00A0C91BC942}") = "objmdl", "model-libs\objmdl\ObjMdl.vcxproj", "{8F3FE293-D9B1-4C72-BB96-155AF4A8910B}"
EndProject
Project("{8BC9CEB8-8B4A-11D0-8D11-00A0C91BC942}") = "viewmdl", "model-libs\viewmdl\ViewMdl.vcxproj", "{3AD8CC48-9221-480A-9B11-FAA7A54FC340}"
EndProject
Project("{2150E333-8FDC-42A3-9474-1A3956D46DE8}") = "Model", "Model", "{AA5B19B9-7FF0-4D6E-836F-26F80872EE6B}"
EndProject
Project("{8BC9CEB8-8B4A-11D0-8D11-00A0C91BC942}") = "twview", "twview\twview.vcxproj", "{12B37EEA-E9CB-40E9-93D5-C6D1DEF11B72}"
	ProjectSection(ProjectDependencies) = postProject
		{5CC01FDF-2C23-4363-9AD5-A1F99A9C7761} = {5CC01FDF-2C23-4363-9AD5-A1F99A9C7761}
	EndProjectSection
EndProject
Project("{8BC9CEB8-8B4A-11D0-8D11-00A0C91BC942}") = "twtheme", "twtheme\twtheme.vcxproj", "{6599B816-C67F-4DB2-B63D-DA04AAA5CD32}"
	ProjectSection(ProjectDependencies) = postProject
		{5CC01FDF-2C23-4363-9AD5-A1F99A9C7761} = {5CC01FDF-2C23-4363-9AD5-A1F99A9C7761}
		{12B37EEA-E9CB-40E9-93D5-C6D1DEF11B72} = {12B37EEA-E9CB-40E9-93D5-C6D1DEF11B72}
	EndProjectSection
EndProject
Project("{8BC9CEB8-8B4A-11D0-8D11-00A0C91BC942}") = "minitwivp", "minitwivp\minitwivp.vcxproj", "{73C9C4FC-1FC5-4527-9397-892B164D22FD}"
EndProject
Project("{2150E333-8FDC-42A3-9474-1A3956D46DE8}") = "Skins", "Skins", "{3DCD81D0-473F-4617-BD7E-5B1D4277C714}"
EndProject
Project("{2150E333-8FDC-42A3-9474-1A3956D46DE8}") = "Default", "Default", "{B5DA9F13-A016-451E-BCFE-E681DE78AB49}"
EndProject
Project("{8BC9CEB8-8B4A-11D0-8D11-00A0C91BC942}") = "layout", "model-libs\layout\layout.vcxproj", "{614567E1-0A47-4134-9A0F-2CA28D383B0F}"
EndProject
Global
	GlobalSection(SolutionConfigurationPlatforms) = preSolution
		Debug_XP|Mixed Platforms = Debug_XP|Mixed Platforms
		Debug_XP|Win32 = Debug_XP|Win32
		Debug_XP|x64 = Debug_XP|x64
		Debug_XP|x86 = Debug_XP|x86
		Debug|Mixed Platforms = Debug|Mixed Platforms
		Debug|Win32 = Debug|Win32
		Debug|x64 = Debug|x64
		Debug|x86 = Debug|x86
		Release_XP|Mixed Platforms = Release_XP|Mixed Platforms
		Release_XP|Win32 = Release_XP|Win32
		Release_XP|x64 = Release_XP|x64
		Release_XP|x86 = Release_XP|x86
		Release|Mixed Platforms = Release|Mixed Platforms
		Release|Win32 = Release|Win32
		Release|x64 = Release|x64
		Release|x86 = Release|x86
	EndGlobalSection
	GlobalSection(ProjectConfigurationPlatforms) = postSolution
		{FB0F3440-F6D5-457D-A248-294DB4EF1080}.Debug_XP|Mixed Platforms.ActiveCfg = Debug_XP|Win32
		{FB0F3440-F6D5-457D-A248-294DB4EF1080}.Debug_XP|Mixed Platforms.Build.0 = Debug_XP|Win32
		{FB0F3440-F6D5-457D-A248-294DB4EF1080}.Debug_XP|Win32.ActiveCfg = Debug_XP|Win32
		{FB0F3440-F6D5-457D-A248-294DB4EF1080}.Debug_XP|Win32.Build.0 = Debug_XP|Win32
		{FB0F3440-F6D5-457D-A248-294DB4EF1080}.Debug_XP|x64.ActiveCfg = Debug_XP|x64
		{FB0F3440-F6D5-457D-A248-294DB4EF1080}.Debug_XP|x64.Build.0 = Debug_XP|x64
		{FB0F3440-F6D5-457D-A248-294DB4EF1080}.Debug_XP|x86.ActiveCfg = Debug_XP|Win32
		{FB0F3440-F6D5-457D-A248-294DB4EF1080}.Debug_XP|x86.Build.0 = Debug_XP|Win32
		{FB0F3440-F6D5-457D-A248-294DB4EF1080}.Debug|Mixed Platforms.ActiveCfg = Debug|Win32
		{FB0F3440-F6D5-457D-A248-294DB4EF1080}.Debug|Mixed Platforms.Build.0 = Debug|Win32
		{FB0F3440-F6D5-457D-A248-294DB4EF1080}.Debug|Win32.ActiveCfg = Debug|Win32
		{FB0F3440-F6D5-457D-A248-294DB4EF1080}.Debug|Win32.Build.0 = Debug|Win32
		{FB0F3440-F6D5-457D-A248-294DB4EF1080}.Debug|x64.ActiveCfg = Debug|x64
		{FB0F3440-F6D5-457D-A248-294DB4EF1080}.Debug|x64.Build.0 = Debug|x64
		{FB0F3440-F6D5-457D-A248-294DB4EF1080}.Debug|x86.ActiveCfg = Debug|Win32
		{FB0F3440-F6D5-457D-A248-294DB4EF1080}.Debug|x86.Build.0 = Debug|Win32
		{FB0F3440-F6D5-457D-A248-294DB4EF1080}.Release_XP|Mixed Platforms.ActiveCfg = Release_XP|Win32
		{FB0F3440-F6D5-457D-A248-294DB4EF1080}.Release_XP|Mixed Platforms.Build.0 = Release_XP|Win32
		{FB0F3440-F6D5-457D-A248-294DB4EF1080}.Release_XP|Win32.ActiveCfg = Release_XP|Win32
		{FB0F3440-F6D5-457D-A248-294DB4EF1080}.Release_XP|Win32.Build.0 = Release_XP|Win32
		{FB0F3440-F6D5-457D-A248-294DB4EF1080}.Release_XP|x64.ActiveCfg = Release_XP|x64
		{FB0F3440-F6D5-457D-A248-294DB4EF1080}.Release_XP|x64.Build.0 = Release_XP|x64
		{FB0F3440-F6D5-457D-A248-294DB4EF1080}.Release_XP|x86.ActiveCfg = Release_XP|Win32
		{FB0F3440-F6D5-457D-A248-294DB4EF1080}.Release_XP|x86.Build.0 = Release_XP|Win32
		{FB0F3440-F6D5-457D-A248-294DB4EF1080}.Release|Mixed Platforms.ActiveCfg = Release|Win32
		{FB0F3440-F6D5-457D-A248-294DB4EF1080}.Release|Mixed Platforms.Build.0 = Release|Win32
		{FB0F3440-F6D5-457D-A248-294DB4EF1080}.Release|Win32.ActiveCfg = Release|Win32
		{FB0F3440-F6D5-457D-A248-294DB4EF1080}.Release|Win32.Build.0 = Release|Win32
		{FB0F3440-F6D5-457D-A248-294DB4EF1080}.Release|x64.ActiveCfg = Release|x64
		{FB0F3440-F6D5-457D-A248-294DB4EF1080}.Release|x64.Build.0 = Release|x64
		{FB0F3440-F6D5-457D-A248-294DB4EF1080}.Release|x86.ActiveCfg = Release|Win32
		{FB0F3440-F6D5-457D-A248-294DB4EF1080}.Release|x86.Build.0 = Release|Win32
		{CB084E48-D765-4982-9F26-817A3E8E968B}.Debug_XP|Mixed Platforms.ActiveCfg = Debug_XP|Win32
		{CB084E48-D765-4982-9F26-817A3E8E968B}.Debug_XP|Mixed Platforms.Build.0 = Debug_XP|Win32
		{CB084E48-D765-4982-9F26-817A3E8E968B}.Debug_XP|Win32.ActiveCfg = Debug_XP|Win32
		{CB084E48-D765-4982-9F26-817A3E8E968B}.Debug_XP|Win32.Build.0 = Debug_XP|Win32
		{CB084E48-D765-4982-9F26-817A3E8E968B}.Debug_XP|x64.ActiveCfg = Debug_XP|Win32
		{CB084E48-D765-4982-9F26-817A3E8E968B}.Debug_XP|x86.ActiveCfg = Debug_XP|Win32
		{CB084E48-D765-4982-9F26-817A3E8E968B}.Debug_XP|x86.Build.0 = Debug_XP|Win32
		{CB084E48-D765-4982-9F26-817A3E8E968B}.Debug|Mixed Platforms.ActiveCfg = Debug|Win32
		{CB084E48-D765-4982-9F26-817A3E8E968B}.Debug|Mixed Platforms.Build.0 = Debug|Win32
		{CB084E48-D765-4982-9F26-817A3E8E968B}.Debug|Win32.ActiveCfg = Debug|Win32
		{CB084E48-D765-4982-9F26-817A3E8E968B}.Debug|Win32.Build.0 = Debug|Win32
		{CB084E48-D765-4982-9F26-817A3E8E968B}.Debug|x64.ActiveCfg = Debug|Win32
		{CB084E48-D765-4982-9F26-817A3E8E968B}.Debug|x86.ActiveCfg = Debug|Win32
		{CB084E48-D765-4982-9F26-817A3E8E968B}.Debug|x86.Build.0 = Debug|Win32
		{CB084E48-D765-4982-9F26-817A3E8E968B}.Release_XP|Mixed Platforms.ActiveCfg = Release_XP|Win32
		{CB084E48-D765-4982-9F26-817A3E8E968B}.Release_XP|Mixed Platforms.Build.0 = Release_XP|Win32
		{CB084E48-D765-4982-9F26-817A3E8E968B}.Release_XP|Win32.ActiveCfg = Release_XP|Win32
		{CB084E48-D765-4982-9F26-817A3E8E968B}.Release_XP|Win32.Build.0 = Release_XP|Win32
		{CB084E48-D765-4982-9F26-817A3E8E968B}.Release_XP|x64.ActiveCfg = Release_XP|Win32
		{CB084E48-D765-4982-9F26-817A3E8E968B}.Release_XP|x86.ActiveCfg = Release_XP|Win32
		{CB084E48-D765-4982-9F26-817A3E8E968B}.Release_XP|x86.Build.0 = Release_XP|Win32
		{CB084E48-D765-4982-9F26-817A3E8E968B}.Release|Mixed Platforms.ActiveCfg = Release|Win32
		{CB084E48-D765-4982-9F26-817A3E8E968B}.Release|Mixed Platforms.Build.0 = Release|Win32
		{CB084E48-D765-4982-9F26-817A3E8E968B}.Release|Win32.ActiveCfg = Release|Win32
		{CB084E48-D765-4982-9F26-817A3E8E968B}.Release|Win32.Build.0 = Release|Win32
		{CB084E48-D765-4982-9F26-817A3E8E968B}.Release|x64.ActiveCfg = Release|Win32
		{CB084E48-D765-4982-9F26-817A3E8E968B}.Release|x86.ActiveCfg = Release|Win32
		{CB084E48-D765-4982-9F26-817A3E8E968B}.Release|x86.Build.0 = Release|Win32
		{5CC01FDF-2C23-4363-9AD5-A1F99A9C7761}.Debug_XP|Mixed Platforms.ActiveCfg = Debug_XP|Win32
		{5CC01FDF-2C23-4363-9AD5-A1F99A9C7761}.Debug_XP|Mixed Platforms.Build.0 = Debug_XP|Win32
		{5CC01FDF-2C23-4363-9AD5-A1F99A9C7761}.Debug_XP|Win32.ActiveCfg = Debug_XP|Win32
		{5CC01FDF-2C23-4363-9AD5-A1F99A9C7761}.Debug_XP|Win32.Build.0 = Debug_XP|Win32
		{5CC01FDF-2C23-4363-9AD5-A1F99A9C7761}.Debug_XP|x64.ActiveCfg = Debug_XP|Win32
		{5CC01FDF-2C23-4363-9AD5-A1F99A9C7761}.Debug_XP|x86.ActiveCfg = Debug_XP|Win32
		{5CC01FDF-2C23-4363-9AD5-A1F99A9C7761}.Debug_XP|x86.Build.0 = Debug_XP|Win32
		{5CC01FDF-2C23-4363-9AD5-A1F99A9C7761}.Debug|Mixed Platforms.ActiveCfg = Debug|Win32
		{5CC01FDF-2C23-4363-9AD5-A1F99A9C7761}.Debug|Mixed Platforms.Build.0 = Debug|Win32
		{5CC01FDF-2C23-4363-9AD5-A1F99A9C7761}.Debug|Win32.ActiveCfg = Debug|Win32
		{5CC01FDF-2C23-4363-9AD5-A1F99A9C7761}.Debug|Win32.Build.0 = Debug|Win32
		{5CC01FDF-2C23-4363-9AD5-A1F99A9C7761}.Debug|x64.ActiveCfg = Debug|Win32
		{5CC01FDF-2C23-4363-9AD5-A1F99A9C7761}.Debug|x86.ActiveCfg = Debug|Win32
		{5CC01FDF-2C23-4363-9AD5-A1F99A9C7761}.Debug|x86.Build.0 = Debug|Win32
		{5CC01FDF-2C23-4363-9AD5-A1F99A9C7761}.Release_XP|Mixed Platforms.ActiveCfg = Release_XP|Win32
		{5CC01FDF-2C23-4363-9AD5-A1F99A9C7761}.Release_XP|Mixed Platforms.Build.0 = Release_XP|Win32
		{5CC01FDF-2C23-4363-9AD5-A1F99A9C7761}.Release_XP|Win32.ActiveCfg = Release_XP|Win32
		{5CC01FDF-2C23-4363-9AD5-A1F99A9C7761}.Release_XP|Win32.Build.0 = Release_XP|Win32
		{5CC01FDF-2C23-4363-9AD5-A1F99A9C7761}.Release_XP|x64.ActiveCfg = Release_XP|Win32
		{5CC01FDF-2C23-4363-9AD5-A1F99A9C7761}.Release_XP|x86.ActiveCfg = Release_XP|Win32
		{5CC01FDF-2C23-4363-9AD5-A1F99A9C7761}.Release_XP|x86.Build.0 = Release_XP|Win32
		{5CC01FDF-2C23-4363-9AD5-A1F99A9C7761}.Release|Mixed Platforms.ActiveCfg = Release|Win32
		{5CC01FDF-2C23-4363-9AD5-A1F99A9C7761}.Release|Mixed Platforms.Build.0 = Release|Win32
		{5CC01FDF-2C23-4363-9AD5-A1F99A9C7761}.Release|Win32.ActiveCfg = Release|Win32
		{5CC01FDF-2C23-4363-9AD5-A1F99A9C7761}.Release|Win32.Build.0 = Release|Win32
		{5CC01FDF-2C23-4363-9AD5-A1F99A9C7761}.Release|x64.ActiveCfg = Release|Win32
		{5CC01FDF-2C23-4363-9AD5-A1F99A9C7761}.Release|x86.ActiveCfg = Release|Win32
		{5CC01FDF-2C23-4363-9AD5-A1F99A9C7761}.Release|x86.Build.0 = Release|Win32
		{DA6F56B4-06A4-441D-AD70-AC5A7D51FADB}.Debug_XP|Mixed Platforms.ActiveCfg = LIB Debug - DLL Windows SSPI|Win32
		{DA6F56B4-06A4-441D-AD70-AC5A7D51FADB}.Debug_XP|Mixed Platforms.Build.0 = LIB Debug - DLL Windows SSPI|Win32
		{DA6F56B4-06A4-441D-AD70-AC5A7D51FADB}.Debug_XP|Win32.ActiveCfg = Debug_XP|Win32
		{DA6F56B4-06A4-441D-AD70-AC5A7D51FADB}.Debug_XP|Win32.Build.0 = Debug_XP|Win32
		{DA6F56B4-06A4-441D-AD70-AC5A7D51FADB}.Debug_XP|x64.ActiveCfg = Debug_XP|x64
		{DA6F56B4-06A4-441D-AD70-AC5A7D51FADB}.Debug_XP|x64.Build.0 = Debug_XP|x64
		{DA6F56B4-06A4-441D-AD70-AC5A7D51FADB}.Debug_XP|x86.ActiveCfg = Debug_XP|Win32
		{DA6F56B4-06A4-441D-AD70-AC5A7D51FADB}.Debug_XP|x86.Build.0 = Debug_XP|Win32
		{DA6F56B4-06A4-441D-AD70-AC5A7D51FADB}.Debug|Mixed Platforms.ActiveCfg = LIB Debug - DLL Windows SSPI|Win32
		{DA6F56B4-06A4-441D-AD70-AC5A7D51FADB}.Debug|Mixed Platforms.Build.0 = LIB Debug - DLL Windows SSPI|Win32
		{DA6F56B4-06A4-441D-AD70-AC5A7D51FADB}.Debug|Win32.ActiveCfg = LIB Debug - DLL Windows SSPI|Win32
		{DA6F56B4-06A4-441D-AD70-AC5A7D51FADB}.Debug|Win32.Build.0 = LIB Debug - DLL Windows SSPI|Win32
		{DA6F56B4-06A4-441D-AD70-AC5A7D51FADB}.Debug|x64.ActiveCfg = LIB Debug|x64
		{DA6F56B4-06A4-441D-AD70-AC5A7D51FADB}.Debug|x64.Build.0 = LIB Debug|x64
		{DA6F56B4-06A4-441D-AD70-AC5A7D51FADB}.Debug|x86.ActiveCfg = LIB Debug|Win32
		{DA6F56B4-06A4-441D-AD70-AC5A7D51FADB}.Debug|x86.Build.0 = LIB Debug|Win32
		{DA6F56B4-06A4-441D-AD70-AC5A7D51FADB}.Release_XP|Mixed Platforms.ActiveCfg = LIB Release - DLL Windows SSPI|Win32
		{DA6F56B4-06A4-441D-AD70-AC5A7D51FADB}.Release_XP|Mixed Platforms.Build.0 = LIB Release - DLL Windows SSPI|Win32
		{DA6F56B4-06A4-441D-AD70-AC5A7D51FADB}.Release_XP|Win32.ActiveCfg = LIB Release - DLL Windows SSPI|Win32
		{DA6F56B4-06A4-441D-AD70-AC5A7D51FADB}.Release_XP|Win32.Build.0 = LIB Release - DLL Windows SSPI|Win32
		{DA6F56B4-06A4-441D-AD70-AC5A7D51FADB}.Release_XP|x64.ActiveCfg = LIB Release|x64
		{DA6F56B4-06A4-441D-AD70-AC5A7D51FADB}.Release_XP|x64.Build.0 = LIB Release|x64
		{DA6F56B4-06A4-441D-AD70-AC5A7D51FADB}.Release_XP|x86.ActiveCfg = LIB Release|Win32
		{DA6F56B4-06A4-441D-AD70-AC5A7D51FADB}.Release_XP|x86.Build.0 = LIB Release|Win32
		{DA6F56B4-06A4-441D-AD70-AC5A7D51FADB}.Release|Mixed Platforms.ActiveCfg = LIB Release - DLL Windows SSPI|Win32
		{DA6F56B4-06A4-441D-AD70-AC5A7D51FADB}.Release|Mixed Platforms.Build.0 = LIB Release - DLL Windows SSPI|Win32
		{DA6F56B4-06A4-441D-AD70-AC5A7D51FADB}.Release|Win32.ActiveCfg = LIB Release - DLL Windows SSPI|Win32
		{DA6F56B4-06A4-441D-AD70-AC5A7D51FADB}.Release|Win32.Build.0 = LIB Release - DLL Windows SSPI|Win32
		{DA6F56B4-06A4-441D-AD70-AC5A7D51FADB}.Release|x64.ActiveCfg = LIB Release - LIB OpenSSL - LIB LibSSH2|x64
		{DA6F56B4-06A4-441D-AD70-AC5A7D51FADB}.Release|x64.Build.0 = LIB Release - LIB OpenSSL - LIB LibSSH2|x64
		{DA6F56B4-06A4-441D-AD70-AC5A7D51FADB}.Release|x86.ActiveCfg = LIB Release|Win32
		{DA6F56B4-06A4-441D-AD70-AC5A7D51FADB}.Release|x86.Build.0 = LIB Release|Win32
		{B1BE1550-FAC7-4BC1-B214-D839C901EE78}.Debug_XP|Mixed Platforms.ActiveCfg = Debug|x86
		{B1BE1550-FAC7-4BC1-B214-D839C901EE78}.Debug_XP|Win32.ActiveCfg = Debug|x86
		{B1BE1550-FAC7-4BC1-B214-D839C901EE78}.Debug_XP|x64.ActiveCfg = Debug|x86
		{B1BE1550-FAC7-4BC1-B214-D839C901EE78}.Debug_XP|x86.ActiveCfg = Debug|x86
		{B1BE1550-FAC7-4BC1-B214-D839C901EE78}.Debug_XP|x86.Build.0 = Debug|x86
		{B1BE1550-FAC7-4BC1-B214-D839C901EE78}.Debug|Mixed Platforms.ActiveCfg = Debug|x86
		{B1BE1550-FAC7-4BC1-B214-D839C901EE78}.Debug|Win32.ActiveCfg = Debug|x86
		{B1BE1550-FAC7-4BC1-B214-D839C901EE78}.Debug|x64.ActiveCfg = Debug|x86
		{B1BE1550-FAC7-4BC1-B214-D839C901EE78}.Debug|x86.ActiveCfg = Debug|x86
		{B1BE1550-FAC7-4BC1-B214-D839C901EE78}.Debug|x86.Build.0 = Debug|x86
		{B1BE1550-FAC7-4BC1-B214-D839C901EE78}.Release_XP|Mixed Platforms.ActiveCfg = Release_XP|x86
		{B1BE1550-FAC7-4BC1-B214-D839C901EE78}.Release_XP|Mixed Platforms.Build.0 = Release_XP|x86
		{B1BE1550-FAC7-4BC1-B214-D839C901EE78}.Release_XP|Win32.ActiveCfg = Release_XP|x86
		{B1BE1550-FAC7-4BC1-B214-D839C901EE78}.Release_XP|Win32.Build.0 = Release_XP|x86
		{B1BE1550-FAC7-4BC1-B214-D839C901EE78}.Release_XP|x64.ActiveCfg = Release|x86
		{B1BE1550-FAC7-4BC1-B214-D839C901EE78}.Release_XP|x86.ActiveCfg = Release|x86
		{B1BE1550-FAC7-4BC1-B214-D839C901EE78}.Release_XP|x86.Build.0 = Release|x86
		{B1BE1550-FAC7-4BC1-B214-D839C901EE78}.Release|Mixed Platforms.ActiveCfg = Release|x86
		{B1BE1550-FAC7-4BC1-B214-D839C901EE78}.Release|Mixed Platforms.Build.0 = Release|x86
		{B1BE1550-FAC7-4BC1-B214-D839C901EE78}.Release|Win32.ActiveCfg = Release|x86
		{B1BE1550-FAC7-4BC1-B214-D839C901EE78}.Release|Win32.Build.0 = Release|x86
		{B1BE1550-FAC7-4BC1-B214-D839C901EE78}.Release|x64.ActiveCfg = Release|x86
		{B1BE1550-FAC7-4BC1-B214-D839C901EE78}.Release|x86.ActiveCfg = Release|x86
		{B1BE1550-FAC7-4BC1-B214-D839C901EE78}.Release|x86.Build.0 = Release|x86
		{17F9075F-67AC-4EAB-8181-C195A5D52696}.Debug_XP|Mixed Platforms.ActiveCfg = Debug_XP|Win32
		{17F9075F-67AC-4EAB-8181-C195A5D52696}.Debug_XP|Mixed Platforms.Build.0 = Debug_XP|Win32
		{17F9075F-67AC-4EAB-8181-C195A5D52696}.Debug_XP|Win32.ActiveCfg = Debug_XP|Win32
		{17F9075F-67AC-4EAB-8181-C195A5D52696}.Debug_XP|Win32.Build.0 = Debug_XP|Win32
		{17F9075F-67AC-4EAB-8181-C195A5D52696}.Debug_XP|x64.ActiveCfg = Debug_XP|Win32
		{17F9075F-67AC-4EAB-8181-C195A5D52696}.Debug_XP|x86.ActiveCfg = Debug_XP|Win32
		{17F9075F-67AC-4EAB-8181-C195A5D52696}.Debug_XP|x86.Build.0 = Debug_XP|Win32
		{17F9075F-67AC-4EAB-8181-C195A5D52696}.Debug|Mixed Platforms.ActiveCfg = Debug|Win32
		{17F9075F-67AC-4EAB-8181-C195A5D52696}.Debug|Mixed Platforms.Build.0 = Debug|Win32
		{17F9075F-67AC-4EAB-8181-C195A5D52696}.Debug|Win32.ActiveCfg = Debug|Win32
		{17F9075F-67AC-4EAB-8181-C195A5D52696}.Debug|Win32.Build.0 = Debug|Win32
		{17F9075F-67AC-4EAB-8181-C195A5D52696}.Debug|x64.ActiveCfg = Debug|Win32
		{17F9075F-67AC-4EAB-8181-C195A5D52696}.Debug|x86.ActiveCfg = Debug|Win32
		{17F9075F-67AC-4EAB-8181-C195A5D52696}.Debug|x86.Build.0 = Debug|Win32
		{17F9075F-67AC-4EAB-8181-C195A5D52696}.Release_XP|Mixed Platforms.ActiveCfg = Release_XP|Win32
		{17F9075F-67AC-4EAB-8181-C195A5D52696}.Release_XP|Mixed Platforms.Build.0 = Release_XP|Win32
		{17F9075F-67AC-4EAB-8181-C195A5D52696}.Release_XP|Win32.ActiveCfg = Release_XP|Win32
		{17F9075F-67AC-4EAB-8181-C195A5D52696}.Release_XP|Win32.Build.0 = Release_XP|Win32
		{17F9075F-67AC-4EAB-8181-C195A5D52696}.Release_XP|x64.ActiveCfg = Release_XP|Win32
		{17F9075F-67AC-4EAB-8181-C195A5D52696}.Release_XP|x86.ActiveCfg = Release_XP|Win32
		{17F9075F-67AC-4EAB-8181-C195A5D52696}.Release_XP|x86.Build.0 = Release_XP|Win32
		{17F9075F-67AC-4EAB-8181-C195A5D52696}.Release|Mixed Platforms.ActiveCfg = Release|Win32
		{17F9075F-67AC-4EAB-8181-C195A5D52696}.Release|Mixed Platforms.Build.0 = Release|Win32
		{17F9075F-67AC-4EAB-8181-C195A5D52696}.Release|Win32.ActiveCfg = Release|Win32
		{17F9075F-67AC-4EAB-8181-C195A5D52696}.Release|Win32.Build.0 = Release|Win32
		{17F9075F-67AC-4EAB-8181-C195A5D52696}.Release|x64.ActiveCfg = Release|Win32
		{17F9075F-67AC-4EAB-8181-C195A5D52696}.Release|x86.ActiveCfg = Release|Win32
		{17F9075F-67AC-4EAB-8181-C195A5D52696}.Release|x86.Build.0 = Release|Win32
		{8F3FE293-D9B1-4C72-BB96-155AF4A8910B}.Debug_XP|Mixed Platforms.ActiveCfg = Debug_XP|Win32
		{8F3FE293-D9B1-4C72-BB96-155AF4A8910B}.Debug_XP|Mixed Platforms.Build.0 = Debug_XP|Win32
		{8F3FE293-D9B1-4C72-BB96-155AF4A8910B}.Debug_XP|Win32.ActiveCfg = Debug_XP|Win32
		{8F3FE293-D9B1-4C72-BB96-155AF4A8910B}.Debug_XP|Win32.Build.0 = Debug_XP|Win32
		{8F3FE293-D9B1-4C72-BB96-155AF4A8910B}.Debug_XP|x64.ActiveCfg = Debug_XP|x64
		{8F3FE293-D9B1-4C72-BB96-155AF4A8910B}.Debug_XP|x64.Build.0 = Debug_XP|x64
		{8F3FE293-D9B1-4C72-BB96-155AF4A8910B}.Debug_XP|x86.ActiveCfg = Debug_XP|Win32
		{8F3FE293-D9B1-4C72-BB96-155AF4A8910B}.Debug_XP|x86.Build.0 = Debug_XP|Win32
		{8F3FE293-D9B1-4C72-BB96-155AF4A8910B}.Debug|Mixed Platforms.ActiveCfg = Debug|Win32
		{8F3FE293-D9B1-4C72-BB96-155AF4A8910B}.Debug|Mixed Platforms.Build.0 = Debug|Win32
		{8F3FE293-D9B1-4C72-BB96-155AF4A8910B}.Debug|Win32.ActiveCfg = Debug|Win32
		{8F3FE293-D9B1-4C72-BB96-155AF4A8910B}.Debug|Win32.Build.0 = Debug|Win32
		{8F3FE293-D9B1-4C72-BB96-155AF4A8910B}.Debug|x64.ActiveCfg = Debug|x64
		{8F3FE293-D9B1-4C72-BB96-155AF4A8910B}.Debug|x64.Build.0 = Debug|x64
		{8F3FE293-D9B1-4C72-BB96-155AF4A8910B}.Debug|x86.ActiveCfg = Debug|Win32
		{8F3FE293-D9B1-4C72-BB96-155AF4A8910B}.Debug|x86.Build.0 = Debug|Win32
		{8F3FE293-D9B1-4C72-BB96-155AF4A8910B}.Release_XP|Mixed Platforms.ActiveCfg = Release_XP|Win32
		{8F3FE293-D9B1-4C72-BB96-155AF4A8910B}.Release_XP|Mixed Platforms.Build.0 = Release_XP|Win32
		{8F3FE293-D9B1-4C72-BB96-155AF4A8910B}.Release_XP|Win32.ActiveCfg = Release_XP|Win32
		{8F3FE293-D9B1-4C72-BB96-155AF4A8910B}.Release_XP|Win32.Build.0 = Release_XP|Win32
		{8F3FE293-D9B1-4C72-BB96-155AF4A8910B}.Release_XP|x64.ActiveCfg = Release_XP|x64
		{8F3FE293-D9B1-4C72-BB96-155AF4A8910B}.Release_XP|x64.Build.0 = Release_XP|x64
		{8F3FE293-D9B1-4C72-BB96-155AF4A8910B}.Release_XP|x86.ActiveCfg = Release_XP|Win32
		{8F3FE293-D9B1-4C72-BB96-155AF4A8910B}.Release_XP|x86.Build.0 = Release_XP|Win32
		{8F3FE293-D9B1-4C72-BB96-155AF4A8910B}.Release|Mixed Platforms.ActiveCfg = Release|Win32
		{8F3FE293-D9B1-4C72-BB96-155AF4A8910B}.Release|Mixed Platforms.Build.0 = Release|Win32
		{8F3FE293-D9B1-4C72-BB96-155AF4A8910B}.Release|Win32.ActiveCfg = Release|Win32
		{8F3FE293-D9B1-4C72-BB96-155AF4A8910B}.Release|Win32.Build.0 = Release|Win32
		{8F3FE293-D9B1-4C72-BB96-155AF4A8910B}.Release|x64.ActiveCfg = Release|x64
		{8F3FE293-D9B1-4C72-BB96-155AF4A8910B}.Release|x64.Build.0 = Release|x64
		{8F3FE293-D9B1-4C72-BB96-155AF4A8910B}.Release|x86.ActiveCfg = Release|Win32
		{8F3FE293-D9B1-4C72-BB96-155AF4A8910B}.Release|x86.Build.0 = Release|Win32
		{3AD8CC48-9221-480A-9B11-FAA7A54FC340}.Debug_XP|Mixed Platforms.ActiveCfg = Debug_XP|Win32
		{3AD8CC48-9221-480A-9B11-FAA7A54FC340}.Debug_XP|Mixed Platforms.Build.0 = Debug_XP|Win32
		{3AD8CC48-9221-480A-9B11-FAA7A54FC340}.Debug_XP|Win32.ActiveCfg = Debug_XP|Win32
		{3AD8CC48-9221-480A-9B11-FAA7A54FC340}.Debug_XP|Win32.Build.0 = Debug_XP|Win32
		{3AD8CC48-9221-480A-9B11-FAA7A54FC340}.Debug_XP|x64.ActiveCfg = Debug_XP|x64
		{3AD8CC48-9221-480A-9B11-FAA7A54FC340}.Debug_XP|x64.Build.0 = Debug_XP|x64
		{3AD8CC48-9221-480A-9B11-FAA7A54FC340}.Debug_XP|x86.ActiveCfg = Debug_XP|Win32
		{3AD8CC48-9221-480A-9B11-FAA7A54FC340}.Debug_XP|x86.Build.0 = Debug_XP|Win32
		{3AD8CC48-9221-480A-9B11-FAA7A54FC340}.Debug|Mixed Platforms.ActiveCfg = Debug|Win32
		{3AD8CC48-9221-480A-9B11-FAA7A54FC340}.Debug|Mixed Platforms.Build.0 = Debug|Win32
		{3AD8CC48-9221-480A-9B11-FAA7A54FC340}.Debug|Win32.ActiveCfg = Debug|Win32
		{3AD8CC48-9221-480A-9B11-FAA7A54FC340}.Debug|Win32.Build.0 = Debug|Win32
		{3AD8CC48-9221-480A-9B11-FAA7A54FC340}.Debug|x64.ActiveCfg = Debug|x64
		{3AD8CC48-9221-480A-9B11-FAA7A54FC340}.Debug|x64.Build.0 = Debug|x64
		{3AD8CC48-9221-480A-9B11-FAA7A54FC340}.Debug|x86.ActiveCfg = Debug|Win32
		{3AD8CC48-9221-480A-9B11-FAA7A54FC340}.Debug|x86.Build.0 = Debug|Win32
		{3AD8CC48-9221-480A-9B11-FAA7A54FC340}.Release_XP|Mixed Platforms.ActiveCfg = Release_XP|Win32
		{3AD8CC48-9221-480A-9B11-FAA7A54FC340}.Release_XP|Mixed Platforms.Build.0 = Release_XP|Win32
		{3AD8CC48-9221-480A-9B11-FAA7A54FC340}.Release_XP|Win32.ActiveCfg = Release_XP|Win32
		{3AD8CC48-9221-480A-9B11-FAA7A54FC340}.Release_XP|Win32.Build.0 = Release_XP|Win32
		{3AD8CC48-9221-480A-9B11-FAA7A54FC340}.Release_XP|x64.ActiveCfg = Release_XP|x64
		{3AD8CC48-9221-480A-9B11-FAA7A54FC340}.Release_XP|x64.Build.0 = Release_XP|x64
		{3AD8CC48-9221-480A-9B11-FAA7A54FC340}.Release_XP|x86.ActiveCfg = Release_XP|Win32
		{3AD8CC48-9221-480A-9B11-FAA7A54FC340}.Release_XP|x86.Build.0 = Release_XP|Win32
		{3AD8CC48-9221-480A-9B11-FAA7A54FC340}.Release|Mixed Platforms.ActiveCfg = Release|Win32
		{3AD8CC48-9221-480A-9B11-FAA7A54FC340}.Release|Mixed Platforms.Build.0 = Release|Win32
		{3AD8CC48-9221-480A-9B11-FAA7A54FC340}.Release|Win32.ActiveCfg = Release|Win32
		{3AD8CC48-9221-480A-9B11-FAA7A54FC340}.Release|Win32.Build.0 = Release|Win32
		{3AD8CC48-9221-480A-9B11-FAA7A54FC340}.Release|x64.ActiveCfg = Release|x64
		{3AD8CC48-9221-480A-9B11-FAA7A54FC340}.Release|x64.Build.0 = Release|x64
		{3AD8CC48-9221-480A-9B11-FAA7A54FC340}.Release|x86.ActiveCfg = Release|Win32
		{3AD8CC48-9221-480A-9B11-FAA7A54FC340}.Release|x86.Build.0 = Release|Win32
		{12B37EEA-E9CB-40E9-93D5-C6D1DEF11B72}.Debug_XP|Mixed Platforms.ActiveCfg = Debug|Win32
		{12B37EEA-E9CB-40E9-93D5-C6D1DEF11B72}.Debug_XP|Mixed Platforms.Build.0 = Debug|Win32
		{12B37EEA-E9CB-40E9-93D5-C6D1DEF11B72}.Debug_XP|Win32.ActiveCfg = Debug_XP|Win32
		{12B37EEA-E9CB-40E9-93D5-C6D1DEF11B72}.Debug_XP|Win32.Build.0 = Debug_XP|Win32
		{12B37EEA-E9CB-40E9-93D5-C6D1DEF11B72}.Debug_XP|x64.ActiveCfg = Debug|Win32
		{12B37EEA-E9CB-40E9-93D5-C6D1DEF11B72}.Debug_XP|x86.ActiveCfg = Debug|Win32
		{12B37EEA-E9CB-40E9-93D5-C6D1DEF11B72}.Debug_XP|x86.Build.0 = Debug|Win32
		{12B37EEA-E9CB-40E9-93D5-C6D1DEF11B72}.Debug|Mixed Platforms.ActiveCfg = Debug|Win32
		{12B37EEA-E9CB-40E9-93D5-C6D1DEF11B72}.Debug|Mixed Platforms.Build.0 = Debug|Win32
		{12B37EEA-E9CB-40E9-93D5-C6D1DEF11B72}.Debug|Win32.ActiveCfg = Debug|Win32
		{12B37EEA-E9CB-40E9-93D5-C6D1DEF11B72}.Debug|Win32.Build.0 = Debug|Win32
		{12B37EEA-E9CB-40E9-93D5-C6D1DEF11B72}.Debug|x64.ActiveCfg = Debug|Win32
		{12B37EEA-E9CB-40E9-93D5-C6D1DEF11B72}.Debug|x86.ActiveCfg = Debug|Win32
		{12B37EEA-E9CB-40E9-93D5-C6D1DEF11B72}.Debug|x86.Build.0 = Debug|Win32
		{12B37EEA-E9CB-40E9-93D5-C6D1DEF11B72}.Release_XP|Mixed Platforms.ActiveCfg = Release_XP|Win32
		{12B37EEA-E9CB-40E9-93D5-C6D1DEF11B72}.Release_XP|Mixed Platforms.Build.0 = Release_XP|Win32
		{12B37EEA-E9CB-40E9-93D5-C6D1DEF11B72}.Release_XP|Win32.ActiveCfg = Release_XP|Win32
		{12B37EEA-E9CB-40E9-93D5-C6D1DEF11B72}.Release_XP|Win32.Build.0 = Release_XP|Win32
		{12B37EEA-E9CB-40E9-93D5-C6D1DEF11B72}.Release_XP|x64.ActiveCfg = Release|Win32
		{12B37EEA-E9CB-40E9-93D5-C6D1DEF11B72}.Release_XP|x86.ActiveCfg = Release|Win32
		{12B37EEA-E9CB-40E9-93D5-C6D1DEF11B72}.Release_XP|x86.Build.0 = Release|Win32
		{12B37EEA-E9CB-40E9-93D5-C6D1DEF11B72}.Release|Mixed Platforms.ActiveCfg = Release|Win32
		{12B37EEA-E9CB-40E9-93D5-C6D1DEF11B72}.Release|Mixed Platforms.Build.0 = Release|Win32
		{12B37EEA-E9CB-40E9-93D5-C6D1DEF11B72}.Release|Win32.ActiveCfg = Release|Win32
		{12B37EEA-E9CB-40E9-93D5-C6D1DEF11B72}.Release|Win32.Build.0 = Release|Win32
		{12B37EEA-E9CB-40E9-93D5-C6D1DEF11B72}.Release|x64.ActiveCfg = Release|Win32
		{12B37EEA-E9CB-40E9-93D5-C6D1DEF11B72}.Release|x86.ActiveCfg = Release|Win32
		{12B37EEA-E9CB-40E9-93D5-C6D1DEF11B72}.Release|x86.Build.0 = Release|Win32
		{6599B816-C67F-4DB2-B63D-DA04AAA5CD32}.Debug_XP|Mixed Platforms.ActiveCfg = Debug|Win32
		{6599B816-C67F-4DB2-B63D-DA04AAA5CD32}.Debug_XP|Mixed Platforms.Build.0 = Debug|Win32
		{6599B816-C67F-4DB2-B63D-DA04AAA5CD32}.Debug_XP|Win32.ActiveCfg = Debug_XP|Win32
		{6599B816-C67F-4DB2-B63D-DA04AAA5CD32}.Debug_XP|Win32.Build.0 = Debug_XP|Win32
		{6599B816-C67F-4DB2-B63D-DA04AAA5CD32}.Debug_XP|x64.ActiveCfg = Debug|Win32
		{6599B816-C67F-4DB2-B63D-DA04AAA5CD32}.Debug_XP|x86.ActiveCfg = Debug|Win32
		{6599B816-C67F-4DB2-B63D-DA04AAA5CD32}.Debug_XP|x86.Build.0 = Debug|Win32
		{6599B816-C67F-4DB2-B63D-DA04AAA5CD32}.Debug|Mixed Platforms.ActiveCfg = Debug|Win32
		{6599B816-C67F-4DB2-B63D-DA04AAA5CD32}.Debug|Mixed Platforms.Build.0 = Debug|Win32
		{6599B816-C67F-4DB2-B63D-DA04AAA5CD32}.Debug|Win32.ActiveCfg = Debug|Win32
		{6599B816-C67F-4DB2-B63D-DA04AAA5CD32}.Debug|Win32.Build.0 = Debug|Win32
		{6599B816-C67F-4DB2-B63D-DA04AAA5CD32}.Debug|x64.ActiveCfg = Debug|Win32
		{6599B816-C67F-4DB2-B63D-DA04AAA5CD32}.Debug|x86.ActiveCfg = Debug|Win32
		{6599B816-C67F-4DB2-B63D-DA04AAA5CD32}.Debug|x86.Build.0 = Debug|Win32
		{6599B816-C67F-4DB2-B63D-DA04AAA5CD32}.Release_XP|Mixed Platforms.ActiveCfg = Release_XP|Win32
		{6599B816-C67F-4DB2-B63D-DA04AAA5CD32}.Release_XP|Mixed Platforms.Build.0 = Release_XP|Win32
		{6599B816-C67F-4DB2-B63D-DA04AAA5CD32}.Release_XP|Win32.ActiveCfg = Release_XP|Win32
		{6599B816-C67F-4DB2-B63D-DA04AAA5CD32}.Release_XP|Win32.Build.0 = Release_XP|Win32
		{6599B816-C67F-4DB2-B63D-DA04AAA5CD32}.Release_XP|x64.ActiveCfg = Release|Win32
		{6599B816-C67F-4DB2-B63D-DA04AAA5CD32}.Release_XP|x86.ActiveCfg = Release|Win32
		{6599B816-C67F-4DB2-B63D-DA04AAA5CD32}.Release_XP|x86.Build.0 = Release|Win32
		{6599B816-C67F-4DB2-B63D-DA04AAA5CD32}.Release|Mixed Platforms.ActiveCfg = Release|Win32
		{6599B816-C67F-4DB2-B63D-DA04AAA5CD32}.Release|Mixed Platforms.Build.0 = Release|Win32
		{6599B816-C67F-4DB2-B63D-DA04AAA5CD32}.Release|Win32.ActiveCfg = Release|Win32
		{6599B816-C67F-4DB2-B63D-DA04AAA5CD32}.Release|Win32.Build.0 = Release|Win32
		{6599B816-C67F-4DB2-B63D-DA04AAA5CD32}.Release|x64.ActiveCfg = Release|Win32
		{6599B816-C67F-4DB2-B63D-DA04AAA5CD32}.Release|x86.ActiveCfg = Release|Win32
		{6599B816-C67F-4DB2-B63D-DA04AAA5CD32}.Release|x86.Build.0 = Release|Win32
		{73C9C4FC-1FC5-4527-9397-892B164D22FD}.Debug_XP|Mixed Platforms.ActiveCfg = Debug|Win32
		{73C9C4FC-1FC5-4527-9397-892B164D22FD}.Debug_XP|Mixed Platforms.Build.0 = Debug|Win32
		{73C9C4FC-1FC5-4527-9397-892B164D22FD}.Debug_XP|Win32.ActiveCfg = Debug|Win32
		{73C9C4FC-1FC5-4527-9397-892B164D22FD}.Debug_XP|x64.ActiveCfg = Debug|Win32
		{73C9C4FC-1FC5-4527-9397-892B164D22FD}.Debug_XP|x86.ActiveCfg = Debug|Win32
		{73C9C4FC-1FC5-4527-9397-892B164D22FD}.Debug_XP|x86.Build.0 = Debug|Win32
		{73C9C4FC-1FC5-4527-9397-892B164D22FD}.Debug|Mixed Platforms.ActiveCfg = Debug|Win32
		{73C9C4FC-1FC5-4527-9397-892B164D22FD}.Debug|Mixed Platforms.Build.0 = Debug|Win32
		{73C9C4FC-1FC5-4527-9397-892B164D22FD}.Debug|Win32.ActiveCfg = Debug|Win32
		{73C9C4FC-1FC5-4527-9397-892B164D22FD}.Debug|Win32.Build.0 = Debug|Win32
		{73C9C4FC-1FC5-4527-9397-892B164D22FD}.Debug|x64.ActiveCfg = Debug|Win32
		{73C9C4FC-1FC5-4527-9397-892B164D22FD}.Debug|x86.ActiveCfg = Debug|Win32
		{73C9C4FC-1FC5-4527-9397-892B164D22FD}.Debug|x86.Build.0 = Debug|Win32
		{73C9C4FC-1FC5-4527-9397-892B164D22FD}.Release_XP|Mixed Platforms.ActiveCfg = Release|Win32
		{73C9C4FC-1FC5-4527-9397-892B164D22FD}.Release_XP|Mixed Platforms.Build.0 = Release|Win32
		{73C9C4FC-1FC5-4527-9397-892B164D22FD}.Release_XP|Win32.ActiveCfg = Release|Win32
		{73C9C4FC-1FC5-4527-9397-892B164D22FD}.Release_XP|x64.ActiveCfg = Release|Win32
		{73C9C4FC-1FC5-4527-9397-892B164D22FD}.Release_XP|x86.ActiveCfg = Release|Win32
		{73C9C4FC-1FC5-4527-9397-892B164D22FD}.Release_XP|x86.Build.0 = Release|Win32
		{73C9C4FC-1FC5-4527-9397-892B164D22FD}.Release|Mixed Platforms.ActiveCfg = Release|Win32
		{73C9C4FC-1FC5-4527-9397-892B164D22FD}.Release|Mixed Platforms.Build.0 = Release|Win32
		{73C9C4FC-1FC5-4527-9397-892B164D22FD}.Release|Win32.ActiveCfg = Release|Win32
		{73C9C4FC-1FC5-4527-9397-892B164D22FD}.Release|Win32.Build.0 = Release|Win32
		{73C9C4FC-1FC5-4527-9397-892B164D22FD}.Release|x64.ActiveCfg = Release|Win32
		{73C9C4FC-1FC5-4527-9397-892B164D22FD}.Release|x86.ActiveCfg = Release|Win32
		{73C9C4FC-1FC5-4527-9397-892B164D22FD}.Release|x86.Build.0 = Release|Win32
		{614567E1-0A47-4134-9A0F-2CA28D383B0F}.Debug_XP|Mixed Platforms.ActiveCfg = Debug|Win32
		{614567E1-0A47-4134-9A0F-2CA28D383B0F}.Debug_XP|Mixed Platforms.Build.0 = Debug|Win32
		{614567E1-0A47-4134-9A0F-2CA28D383B0F}.Debug_XP|Win32.ActiveCfg = Debug|Win32
		{614567E1-0A47-4134-9A0F-2CA28D383B0F}.Debug_XP|Win32.Build.0 = Debug|Win32
		{614567E1-0A47-4134-9A0F-2CA28D383B0F}.Debug_XP|x64.ActiveCfg = Debug|Win32
		{614567E1-0A47-4134-9A0F-2CA28D383B0F}.Debug_XP|x86.ActiveCfg = Debug|Win32
		{614567E1-0A47-4134-9A0F-2CA28D383B0F}.Debug_XP|x86.Build.0 = Debug|Win32
		{614567E1-0A47-4134-9A0F-2CA28D383B0F}.Debug|Mixed Platforms.ActiveCfg = Debug|Win32
		{614567E1-0A47-4134-9A0F-2CA28D383B0F}.Debug|Mixed Platforms.Build.0 = Debug|Win32
		{614567E1-0A47-4134-9A0F-2CA28D383B0F}.Debug|Win32.ActiveCfg = Debug|Win32
		{614567E1-0A47-4134-9A0F-2CA28D383B0F}.Debug|Win32.Build.0 = Debug|Win32
		{614567E1-0A47-4134-9A0F-2CA28D383B0F}.Debug|x64.ActiveCfg = Debug|Win32
		{614567E1-0A47-4134-9A0F-2CA28D383B0F}.Debug|x86.ActiveCfg = Debug|Win32
		{614567E1-0A47-4134-9A0F-2CA28D383B0F}.Debug|x86.Build.0 = Debug|Win32
		{614567E1-0A47-4134-9A0F-2CA28D383B0F}.Release_XP|Mixed Platforms.ActiveCfg = Release|Win32
		{614567E1-0A47-4134-9A0F-2CA28D383B0F}.Release_XP|Mixed Platforms.Build.0 = Release|Win32
		{614567E1-0A47-4134-9A0F-2CA28D383B0F}.Release_XP|Win32.ActiveCfg = Release|Win32
		{614567E1-0A47-4134-9A0F-2CA28D383B0F}.Release_XP|Win32.Build.0 = Release|Win32
		{614567E1-0A47-4134-9A0F-2CA28D383B0F}.Release_XP|x64.ActiveCfg = Release|Win32
		{614567E1-0A47-4134-9A0F-2CA28D383B0F}.Release_XP|x86.ActiveCfg = Release|Win32
		{614567E1-0A47-4134-9A0F-2CA28D383B0F}.Release_XP|x86.Build.0 = Release|Win32
		{614567E1-0A47-4134-9A0F-2CA28D383B0F}.Release|Mixed Platforms.ActiveCfg = Release|Win32
		{614567E1-0A47-4134-9A0F-2CA28D383B0F}.Release|Mixed Platforms.Build.0 = Release|Win32
		{614567E1-0A47-4134-9A0F-2CA28D383B0F}.Release|Win32.ActiveCfg = Release|Win32
		{614567E1-0A47-4134-9A0F-2CA28D383B0F}.Release|Win32.Build.0 = Release|Win32
		{614567E1-0A47-4134-9A0F-2CA28D383B0F}.Release|x64.ActiveCfg = Release|Win32
		{614567E1-0A47-4134-9A0F-2CA28D383B0F}.Release|x86.ActiveCfg = Release|Win32
		{614567E1-0A47-4134-9A0F-2CA28D383B0F}.Release|x86.Build.0 = Release|Win32
	EndGlobalSection
	GlobalSection(SolutionProperties) = preSolution
		HideSolutionNode = FALSE
	EndGlobalSection
	GlobalSection(NestedProjects) = preSolution
		{17F9075F-67AC-4EAB-8181-C195A5D52696} = {AA5B19B9-7FF0-4D6E-836F-26F80872EE6B}
		{8F3FE293-D9B1-4C72-BB96-155AF4A8910B} = {AA5B19B9-7FF0-4D6E-836F-26F80872EE6B}
		{3AD8CC48-9221-480A-9B11-FAA7A54FC340} = {AA5B19B9-7FF0-4D6E-836F-26F80872EE6B}
		{B5DA9F13-A016-451E-BCFE-E681DE78AB49} = {3DCD81D0-473F-4617-BD7E-5B1D4277C714}
		{614567E1-0A47-4134-9A0F-2CA28D383B0F} = {AA5B19B9-7FF0-4D6E-836F-26F80872EE6B}
	EndGlobalSection
EndGlobal
