<?xml version="1.0" encoding="utf-8"?>
<Project ToolsVersion="4.0" xmlns="http://schemas.microsoft.com/developer/msbuild/2003">
  <ItemGroup>
    <Filter Include="ZZZMisc">
      <UniqueIdentifier>{bef413c3-756c-4de4-a1e1-f9099a725217}</UniqueIdentifier>
    </Filter>
    <Filter Include="ZZZMisc\Source Files">
      <UniqueIdentifier>{4FC737F1-C7A5-4376-A066-2A32D752A2FF}</UniqueIdentifier>
      <Extensions>cpp;c;cc;cxx;def;odl;idl;hpj;bat;asm;asmx</Extensions>
    </Filter>
    <Filter Include="ZZZMisc\Resource Files">
      <UniqueIdentifier>{67DA6AB6-F800-4c08-8B7A-83BB121AAD01}</UniqueIdentifier>
      <Extensions>rc;ico;cur;bmp;dlg;rc2;rct;bin;rgs;gif;jpg;jpeg;jpe;resx;tiff;tif;png;wav;mfcribbon-ms</Extensions>
    </Filter>
    <Filter Include="ZZZMisc\Header Files">
      <UniqueIdentifier>{93995380-89BD-4b04-88EB-625FBE52EBFB}</UniqueIdentifier>
      <Extensions>h;hh;hpp;hxx;hm;inl;inc;xsd</Extensions>
    </Filter>
    <Filter Include="ZZZMisc\Generated Files">
      <UniqueIdentifier>{f6120c16-e310-43fa-8c9a-a9b0a426233c}</UniqueIdentifier>
      <SourceControlFiles>False</SourceControlFiles>
    </Filter>
    <Filter Include="Connection">
      <UniqueIdentifier>{fa0699b0-84d8-4e4b-9b2b-d34c24b1f4ad}</UniqueIdentifier>
    </Filter>
    <Filter Include="ZZZMisc\twitcurl">
      <UniqueIdentifier>{bee61e8b-061f-45e6-bbd4-55842d2a5a76}</UniqueIdentifier>
    </Filter>
    <Filter Include="ZZZMisc\twitcurl\Header Files">
      <UniqueIdentifier>{64ae0a05-4660-4c14-80e8-f3a97764e345}</UniqueIdentifier>
    </Filter>
    <Filter Include="ZZZMisc\twitcurl\Source Files">
      <UniqueIdentifier>{97f8c773-73de-4a2a-b700-66aa06f52893}</UniqueIdentifier>
    </Filter>
    <Filter Include="PluginTable">
      <UniqueIdentifier>{524dfed8-a5e4-444b-9721-bd9beae74477}</UniqueIdentifier>
    </Filter>
    <Filter Include="Include">
      <UniqueIdentifier>{6b6a1670-3ab9-4c69-a49f-211678eaf66e}</UniqueIdentifier>
    </Filter>
    <Filter Include="ZZZMisc\json">
      <UniqueIdentifier>{ac0f905b-f9ec-4baa-b946-45b352611147}</UniqueIdentifier>
    </Filter>
  </ItemGroup>
  <ItemGroup>
    <ClCompile Include="stdafx.cpp">
      <Filter>ZZZMisc\Source Files</Filter>
    </ClCompile>
    <ClCompile Include="twiconn.cpp">
      <Filter>ZZZMisc\Source Files</Filter>
    </ClCompile>
    <ClCompile Include="dllmain.cpp">
      <Filter>ZZZMisc\Source Files</Filter>
    </ClCompile>
    <ClCompile Include="twiconn_i.c">
      <Filter>ZZZMisc\Generated Files</Filter>
    </ClCompile>
    <ClCompile Include="TwitterConnection.cpp">
      <Filter>Connection</Filter>
    </ClCompile>
    <ClCompile Include="..\twitcurl\libtwitcurl\base64.cpp">
      <Filter>ZZZMisc\twitcurl\Source Files</Filter>
    </ClCompile>
    <ClCompile Include="..\twitcurl\libtwitcurl\HMAC_SHA1.cpp">
      <Filter>ZZZMisc\twitcurl\Source Files</Filter>
    </ClCompile>
    <ClCompile Include="..\twitcurl\libtwitcurl\oauthlib.cpp">
      <Filter>ZZZMisc\twitcurl\Source Files</Filter>
    </ClCompile>
    <ClCompile Include="..\twitcurl\libtwitcurl\SHA1.cpp">
      <Filter>ZZZMisc\twitcurl\Source Files</Filter>
    </ClCompile>
    <ClCompile Include="..\twitcurl\libtwitcurl\twitcurl.cpp">
      <Filter>ZZZMisc\twitcurl\Source Files</Filter>
    </ClCompile>
    <ClCompile Include="..\twitcurl\libtwitcurl\urlencode.cpp">
      <Filter>ZZZMisc\twitcurl\Source Files</Filter>
    </ClCompile>
    <ClCompile Include="PluginTable.cpp">
      <Filter>PluginTable</Filter>
    </ClCompile>
    <ClCompile Include="objmdl_contract_i.c">
      <Filter>ZZZMisc\Generated Files</Filter>
    </ClCompile>
    <ClCompile Include="..\json\src\JSON.cpp">
      <Filter>ZZZMisc\json</Filter>
    </ClCompile>
    <ClCompile Include="..\json\src\JSONValue.cpp">
      <Filter>ZZZMisc\json</Filter>
    </ClCompile>
    <ClCompile Include="twitconn_contract_i.c">
      <Filter>ZZZMisc\Generated Files</Filter>
    </ClCompile>
  </ItemGroup>
  <ItemGroup>
    <ClInclude Include="stdafx.h">
      <Filter>ZZZMisc\Header Files</Filter>
    </ClInclude>
    <ClInclude Include="targetver.h">
      <Filter>ZZZMisc\Header Files</Filter>
    </ClInclude>
    <ClInclude Include="Resource.h">
      <Filter>ZZZMisc\Header Files</Filter>
    </ClInclude>
    <ClInclude Include="dllmain.h">
      <Filter>ZZZMisc\Header Files</Filter>
    </ClInclude>
    <ClInclude Include="xdlldata.h">
      <Filter>ZZZMisc\Header Files</Filter>
    </ClInclude>
    <ClInclude Include="twiconn_i.h">
      <Filter>ZZZMisc\Generated Files</Filter>
    </ClInclude>
    <ClInclude Include="TwitterConnection.h">
      <Filter>Connection</Filter>
    </ClInclude>
    <ClInclude Include="..\twitcurl\libtwitcurl\base64.h">
      <Filter>ZZZMisc\twitcurl\Header Files</Filter>
    </ClInclude>
    <ClInclude Include="..\twitcurl\libtwitcurl\HMAC_SHA1.h">
      <Filter>ZZZMisc\twitcurl\Header Files</Filter>
    </ClInclude>
    <ClInclude Include="..\twitcurl\libtwitcurl\oauthlib.h">
      <Filter>ZZZMisc\twitcurl\Header Files</Filter>
    </ClInclude>
    <ClInclude Include="..\twitcurl\libtwitcurl\SHA1.h">
      <Filter>ZZZMisc\twitcurl\Header Files</Filter>
    </ClInclude>
    <ClInclude Include="..\twitcurl\libtwitcurl\twitcurl.h">
      <Filter>ZZZMisc\twitcurl\Header Files</Filter>
    </ClInclude>
    <ClInclude Include="..\twitcurl\libtwitcurl\twitcurlurls.h">
      <Filter>ZZZMisc\twitcurl\Header Files</Filter>
    </ClInclude>
    <ClInclude Include="..\twitcurl\libtwitcurl\urlencode.h">
      <Filter>ZZZMisc\twitcurl\Header Files</Filter>
    </ClInclude>
    <ClInclude Include="PluginTable.h">
      <Filter>PluginTable</Filter>
    </ClInclude>
    <ClInclude Include="Plugins.h">
      <Filter>Include</Filter>
    </ClInclude>
    <ClInclude Include="objmdl_contract_i.h">
      <Filter>ZZZMisc\Generated Files</Filter>
    </ClInclude>
    <ClInclude Include="..\json\src\JSON.h">
      <Filter>ZZZMisc\json</Filter>
    </ClInclude>
    <ClInclude Include="..\json\src\JSONValue.h">
      <Filter>ZZZMisc\json</Filter>
    </ClInclude>
    <ClInclude Include="twitconn_contract_i.h">
      <Filter>ZZZMisc\Generated Files</Filter>
    </ClInclude>
    <ClInclude Include="TextNormalizeTable.h">
      <Filter>Connection</Filter>
    </ClInclude>
    <ClInclude Include="Metadata.h">
      <Filter>Include</Filter>
    </ClInclude>
  </ItemGroup>
  <ItemGroup>
    <ResourceCompile Include="twiconn.rc">
      <Filter>ZZZMisc\Resource Files</Filter>
    </ResourceCompile>
  </ItemGroup>
  <ItemGroup>
    <None Include="twiconn.rgs">
      <Filter>ZZZMisc\Resource Files</Filter>
    </None>
    <None Include="twiconn.def">
      <Filter>ZZZMisc\Source Files</Filter>
    </None>
    <None Include="TwitterConnection.rgs">
      <Filter>ZZZMisc\Resource Files</Filter>
    </None>
  </ItemGroup>
  <ItemGroup>
    <Midl Include="twiconn.idl">
      <Filter>ZZZMisc\Source Files</Filter>
    </Midl>
    <Midl Include="twitconn_contract_i.idl">
      <Filter>ZZZMisc\Source Files</Filter>
    </Midl>
    <Midl Include="..\model-libs\ObjMdl\objmdl_contract_i.idl">
      <Filter>ZZZMisc\Source Files</Filter>
    </Midl>
  </ItemGroup>
  <ItemGroup>
    <Text Include="ReadMe.txt">
      <Filter>ZZZMisc</Filter>
    </Text>
  </ItemGroup>
</Project>