<?xml version="1.0" encoding="utf-8"?>
<Project ToolsVersion="4.0" xmlns="http://schemas.microsoft.com/developer/msbuild/2003">
  <ItemGroup>
    <Filter Include="ZZZMisc">
      <UniqueIdentifier>{e967d9f6-9942-4f80-a49c-c0eeb7502fa8}</UniqueIdentifier>
    </Filter>
    <Filter Include="ZZZMisc\Header Files">
      <UniqueIdentifier>{93995380-89BD-4b04-88EB-625FBE52EBFB}</UniqueIdentifier>
      <Extensions>h;hh;hpp;hxx;hm;inl;inc;xsd</Extensions>
    </Filter>
    <Filter Include="ZZZMisc\Source Files">
      <UniqueIdentifier>{4FC737F1-C7A5-4376-A066-2A32D752A2FF}</UniqueIdentifier>
      <Extensions>cpp;c;cc;cxx;def;odl;idl;hpj;bat;asm;asmx</Extensions>
    </Filter>
    <Filter Include="ZZZMisc\Resource Files">
      <UniqueIdentifier>{67DA6AB6-F800-4c08-8B7A-83BB121AAD01}</UniqueIdentifier>
      <Extensions>rc;ico;cur;bmp;dlg;rc2;rct;bin;rgs;gif;jpg;jpeg;jpe;resx;tiff;tif;png;wav;mfcribbon-ms</Extensions>
    </Filter>
    <Filter Include="ZZZMisc\Generated Files">
      <UniqueIdentifier>{0b0b833a-0daa-46a9-956c-cc94ed8fc0a1}</UniqueIdentifier>
      <SourceControlFiles>False</SourceControlFiles>
    </Filter>
    <Filter Include="PluginTable">
      <UniqueIdentifier>{1e38e702-2cea-49dd-bb8b-e89a4ee5c804}</UniqueIdentifier>
    </Filter>
    <Filter Include="Include">
      <UniqueIdentifier>{80d5c463-863b-4e80-a453-88648f089221}</UniqueIdentifier>
    </Filter>
    <Filter Include="Controls">
      <UniqueIdentifier>{608aaf79-5e61-45d0-8a62-4dec66bd2eae}</UniqueIdentifier>
    </Filter>
    <Filter Include="Controls\TimelineControl">
      <UniqueIdentifier>{f23e9fc7-ff66-4eb3-be66-6313d24454a7}</UniqueIdentifier>
    </Filter>
    <Filter Include="Controls\TimelineControl\Controls">
      <UniqueIdentifier>{a0a23dcf-91ac-4fd6-a9e9-58e22d2ffe25}</UniqueIdentifier>
    </Filter>
    <Filter Include="Controls\SettingsControl">
      <UniqueIdentifier>{d749962b-4157-4fa8-8efc-9efc7aed1a41}</UniqueIdentifier>
    </Filter>
    <Filter Include="Services">
      <UniqueIdentifier>{c16ae913-2fe4-4e5b-9e70-567c02ec20fb}</UniqueIdentifier>
    </Filter>
    <Filter Include="Services\TimelineService">
      <UniqueIdentifier>{57624c7f-3f1a-4485-b166-ee74d919ca54}</UniqueIdentifier>
    </Filter>
    <Filter Include="Services\FormsService">
      <UniqueIdentifier>{e5f89bd7-1909-4ed0-94ee-bcd4c89794c0}</UniqueIdentifier>
    </Filter>
    <Filter Include="Services\ViewControllerService">
      <UniqueIdentifier>{0c8cc8dd-e4ef-4d0f-93d8-421f83c3cd06}</UniqueIdentifier>
    </Filter>
    <Filter Include="Services\SkinService">
      <UniqueIdentifier>{093f2170-3e53-4ffa-bcad-8d8a211ecafa}</UniqueIdentifier>
    </Filter>
    <Filter Include="Services\SkinService\Default">
      <UniqueIdentifier>{1c700d2e-5a19-4ae8-a485-e0246a353dbb}</UniqueIdentifier>
    </Filter>
    <Filter Include="Services\OpenUrlService">
      <UniqueIdentifier>{da8470ea-63f7-46fa-a852-d803039486ac}</UniqueIdentifier>
    </Filter>
    <Filter Include="Controls\TimelineControl\Commands">
      <UniqueIdentifier>{4ccc7e57-a859-4d6a-9b56-0b8b9ec06220}</UniqueIdentifier>
    </Filter>
    <Filter Include="Services\ImageManagerService">
      <UniqueIdentifier>{3a59f18e-e53f-4d9a-a4b0-cabdd41035ed}</UniqueIdentifier>
    </Filter>
    <Filter Include="Services\DownloadService">
      <UniqueIdentifier>{0fa18dfb-b6cd-4ae6-91ad-44bf14a653cf}</UniqueIdentifier>
    </Filter>
    <Filter Include="Services\UpdateService">
      <UniqueIdentifier>{6825b08d-39e3-49b7-b760-29b194f3a564}</UniqueIdentifier>
    </Filter>
    <Filter Include="Controls\PictureWindow">
      <UniqueIdentifier>{1a926e4e-29c6-44ae-aa50-8394de0b168c}</UniqueIdentifier>
    </Filter>
    <Filter Include="Services\WindowService">
      <UniqueIdentifier>{5a4254e1-7ffb-4266-944c-8ad3e2d5d527}</UniqueIdentifier>
    </Filter>
    <Filter Include="Controls\PictureWindow\Commands">
      <UniqueIdentifier>{f7c6e900-dc23-4395-bee5-19d98a0eef97}</UniqueIdentifier>
    </Filter>
    <Filter Include="Controls\TabControl">
      <UniqueIdentifier>{453846c2-4e1e-4b13-9315-0f5f31dbcf72}</UniqueIdentifier>
    </Filter>
    <Filter Include="Utils">
      <UniqueIdentifier>{81449f12-4e91-4140-8d88-4ad193d29201}</UniqueIdentifier>
    </Filter>
    <Filter Include="Controls\UserInfoControl">
      <UniqueIdentifier>{f6ed28dd-0043-475a-b1f0-052600344dbc}</UniqueIdentifier>
    </Filter>
    <Filter Include="Controls\UserAccountControl">
      <UniqueIdentifier>{7bc42faf-7e52-4be6-aed8-d30c4f7bb8e0}</UniqueIdentifier>
    </Filter>
    <Filter Include="Services\TabbedControlStatusService">
      <UniqueIdentifier>{162e3e54-0234-48ae-aee5-dc6422511c5b}</UniqueIdentifier>
    </Filter>
    <Filter Include="Controls\HomeTimeLineControl">
      <UniqueIdentifier>{e188ec27-44ea-4b97-80fd-2a3c9569695e}</UniqueIdentifier>
    </Filter>
    <Filter Include="Controls\TwitViewControl">
      <UniqueIdentifier>{6e207d57-9115-48bb-a9af-dcd3a132082b}</UniqueIdentifier>
    </Filter>
    <Filter Include="Services\TwitViewRepliesService">
      <UniqueIdentifier>{c1539b39-8000-46b4-915e-f3f82d6bba61}</UniqueIdentifier>
    </Filter>
    <Filter Include="Controls\SearchControl">
      <UniqueIdentifier>{049790fd-bd6f-45f2-bdf3-e3f393e51338}</UniqueIdentifier>
    </Filter>
    <Filter Include="Controls\SearchTimelineControl">
      <UniqueIdentifier>{050aeaeb-6676-4cdd-8e6d-ef27816d7ba4}</UniqueIdentifier>
    </Filter>
    <Filter Include="Services\SearchTimelineService">
      <UniqueIdentifier>{ed1255e1-2502-4500-aecc-e3d8dc019d19}</UniqueIdentifier>
    </Filter>
    <Filter Include="Services\FollowService">
      <UniqueIdentifier>{bbbeea3f-60bd-4c08-8744-8323135e82cd}</UniqueIdentifier>
    </Filter>
  </ItemGroup>
  <ItemGroup>
    <ClCompile Include="stdafx.cpp">
      <Filter>ZZZMisc\Source Files</Filter>
    </ClCompile>
    <ClCompile Include="twitter.cpp">
      <Filter>ZZZMisc\Source Files</Filter>
    </ClCompile>
    <ClCompile Include="dllmain.cpp">
      <Filter>ZZZMisc\Source Files</Filter>
    </ClCompile>
    <ClCompile Include="twitter_i.c">
      <Filter>ZZZMisc\Generated Files</Filter>
    </ClCompile>
    <ClCompile Include="PluginTable.cpp">
      <Filter>PluginTable</Filter>
    </ClCompile>
    <ClCompile Include="objmdl_contract_i.c">
      <Filter>ZZZMisc\Generated Files</Filter>
    </ClCompile>
    <ClCompile Include="viewmdl_contract_i.c">
      <Filter>ZZZMisc\Generated Files</Filter>
    </ClCompile>
    <ClCompile Include="TimelineControl.cpp">
      <Filter>Controls\TimelineControl</Filter>
    </ClCompile>
    <ClCompile Include="CustomListBox.cpp">
      <Filter>Controls\TimelineControl\Controls</Filter>
    </ClCompile>
    <ClCompile Include="FormsService.cpp">
      <Filter>Services\FormsService</Filter>
    </ClCompile>
    <ClCompile Include="SettingsControl.cpp">
      <Filter>Controls\SettingsControl</Filter>
    </ClCompile>
    <ClCompile Include="twitconn_contract_i.c">
      <Filter>ZZZMisc\Generated Files</Filter>
    </ClCompile>
    <ClCompile Include="TimelineService.cpp">
      <Filter>Services\TimelineService</Filter>
    </ClCompile>
    <ClCompile Include="ViewControllerService.cpp">
      <Filter>Services\ViewControllerService</Filter>
    </ClCompile>
    <ClCompile Include="SkinTimeline.cpp">
      <Filter>Services\SkinService\Default</Filter>
    </ClCompile>
    <ClCompile Include="ThemeDefault.cpp">
      <Filter>Services\SkinService\Default</Filter>
    </ClCompile>
    <ClCompile Include="ThemeService.cpp">
      <Filter>Services\SkinService</Filter>
    </ClCompile>
    <ClCompile Include="ThemeColorMap.cpp">
      <Filter>Services\SkinService\Default</Filter>
    </ClCompile>
    <ClCompile Include="ThemeFontMap.cpp">
      <Filter>Services\SkinService\Default</Filter>
    </ClCompile>
    <ClCompile Include="OpenUrlService.cpp">
      <Filter>Services\OpenUrlService</Filter>
    </ClCompile>
    <ClCompile Include="TimelineControlCopyCommand.cpp">
      <Filter>Controls\TimelineControl\Commands</Filter>
    </ClCompile>
    <ClCompile Include="asyncsvc_contract_i.c">
      <Filter>ZZZMisc\Generated Files</Filter>
    </ClCompile>
    <ClCompile Include="ImageManagerService.cpp">
      <Filter>Services\ImageManagerService</Filter>
    </ClCompile>
    <ClCompile Include="DownloadService.cpp">
      <Filter>Services\DownloadService</Filter>
    </ClCompile>
    <ClCompile Include="UpdateService.cpp">
      <Filter>Services\UpdateService</Filter>
    </ClCompile>
    <ClCompile Include="PictureWindow.cpp">
      <Filter>Controls\PictureWindow</Filter>
    </ClCompile>
    <ClCompile Include="WindowService.cpp">
      <Filter>Services\WindowService</Filter>
    </ClCompile>
    <ClCompile Include="PictureWindowCopyCommand.cpp">
      <Filter>Controls\PictureWindow\Commands</Filter>
    </ClCompile>
    <ClCompile Include="TimelineImageService.cpp">
      <Filter>Services\TimelineService</Filter>
    </ClCompile>
    <ClCompile Include="TimelineCleanupService.cpp">
      <Filter>Services\TimelineService</Filter>
    </ClCompile>
    <ClCompile Include="SkinTabControl.cpp">
      <Filter>Services\SkinService\Default</Filter>
    </ClCompile>
    <ClCompile Include="CustomTabControl.cpp">
      <Filter>Controls\TabControl</Filter>
    </ClCompile>
    <ClCompile Include="SkinCommonControl.cpp">
      <Filter>Services\SkinService\Default</Filter>
    </ClCompile>
    <ClCompile Include="ScrollControl.cpp">
      <Filter>Controls\TabControl</Filter>
    </ClCompile>
    <ClCompile Include="UserInfoControl.cpp">
      <Filter>Controls\UserInfoControl</Filter>
    </ClCompile>
    <ClCompile Include="UserAccountControl.cpp">
      <Filter>Controls\UserAccountControl</Filter>
    </ClCompile>
    <ClCompile Include="SkinUserAccountControl.cpp">
      <Filter>Services\SkinService\Default</Filter>
    </ClCompile>
    <ClCompile Include="TabbedControlStatusService.cpp">
      <Filter>Services\TabbedControlStatusService</Filter>
    </ClCompile>
    <ClCompile Include="HomeTimeLineControl.cpp">
      <Filter>Controls\HomeTimeLineControl</Filter>
    </ClCompile>
    <ClCompile Include="TwitViewControl.cpp">
      <Filter>Controls\TwitViewControl</Filter>
    </ClCompile>
    <ClCompile Include="TwitViewRepliesService.cpp">
      <Filter>Services\TwitViewRepliesService</Filter>
    </ClCompile>
    <ClCompile Include="TimelineControlOpenInBrowserCommand.cpp">
      <Filter>Controls\TimelineControl\Commands</Filter>
    </ClCompile>
    <ClCompile Include="SearchControl.cpp">
      <Filter>Controls\SearchControl</Filter>
    </ClCompile>
    <ClCompile Include="SearchTimelineControl.cpp">
      <Filter>Controls\SearchTimelineControl</Filter>
    </ClCompile>
    <ClCompile Include="SearchTimelineService.cpp">
      <Filter>Services\SearchTimelineService</Filter>
    </ClCompile>
    <ClCompile Include="PictureWindowSaveCommand.cpp">
      <Filter>Controls\PictureWindow\Commands</Filter>
    </ClCompile>
    <ClCompile Include="TimelineRelativeTimeService.cpp">
      <Filter>Services\TimelineService</Filter>
    </ClCompile>
    <ClCompile Include="ColumnsInfo.cpp">
      <Filter>Controls\TimelineControl\Controls</Filter>
    </ClCompile>
    <ClCompile Include="ColumnsInfoItem.cpp">
      <Filter>Controls\TimelineControl\Controls</Filter>
    </ClCompile>
    <ClCompile Include="FollowService.cpp">
      <Filter>Services\FollowService</Filter>
    </ClCompile>
  </ItemGroup>
  <ItemGroup>
    <ClInclude Include="stdafx.h">
      <Filter>ZZZMisc\Header Files</Filter>
    </ClInclude>
    <ClInclude Include="targetver.h">
      <Filter>ZZZMisc\Header Files</Filter>
    </ClInclude>
    <ClInclude Include="Resource.h">
      <Filter>ZZZMisc\Header Files</Filter>
    </ClInclude>
    <ClInclude Include="dllmain.h">
      <Filter>ZZZMisc\Header Files</Filter>
    </ClInclude>
    <ClInclude Include="xdlldata.h">
      <Filter>ZZZMisc\Header Files</Filter>
    </ClInclude>
    <ClInclude Include="twitter_i.h">
      <Filter>ZZZMisc\Generated Files</Filter>
    </ClInclude>
    <ClInclude Include="PluginTable.h">
      <Filter>PluginTable</Filter>
    </ClInclude>
    <ClInclude Include="objmdl_contract_i.h">
      <Filter>ZZZMisc\Generated Files</Filter>
    </ClInclude>
    <ClInclude Include="viewmdl_contract_i.h">
      <Filter>ZZZMisc\Generated Files</Filter>
    </ClInclude>
    <ClInclude Include="TimelineControl.h">
      <Filter>Controls\TimelineControl</Filter>
    </ClInclude>
    <ClInclude Include="CustomListBox.h">
      <Filter>Controls\TimelineControl\Controls</Filter>
    </ClInclude>
    <ClInclude Include="FormsService.h">
      <Filter>Services\FormsService</Filter>
    </ClInclude>
    <ClInclude Include="Plugins.h">
      <Filter>Include</Filter>
    </ClInclude>
    <ClInclude Include="SettingsControl.h">
      <Filter>Controls\SettingsControl</Filter>
    </ClInclude>
    <ClInclude Include="twitconn_contract_i.h">
      <Filter>ZZZMisc\Generated Files</Filter>
    </ClInclude>
    <ClInclude Include="TimelineService.h">
      <Filter>Services\TimelineService</Filter>
    </ClInclude>
    <ClInclude Include="ViewControllerService.h">
      <Filter>Services\ViewControllerService</Filter>
    </ClInclude>
    <ClInclude Include="SkinTimeline.h">
      <Filter>Services\SkinService\Default</Filter>
    </ClInclude>
    <ClInclude Include="ThemeDefault.h">
      <Filter>Services\SkinService\Default</Filter>
    </ClInclude>
    <ClInclude Include="ThemeService.h">
      <Filter>Services\SkinService</Filter>
    </ClInclude>
    <ClInclude Include="ThemeColorMap.h">
      <Filter>Services\SkinService\Default</Filter>
    </ClInclude>
    <ClInclude Include="ThemeFontMap.h">
      <Filter>Services\SkinService\Default</Filter>
    </ClInclude>
    <ClInclude Include="OpenUrlService.h">
      <Filter>Services\OpenUrlService</Filter>
    </ClInclude>
    <ClInclude Include="TimelineControlCopyCommand.h">
      <Filter>Controls\TimelineControl\Commands</Filter>
    </ClInclude>
    <ClInclude Include="asyncsvc_contract_i.h">
      <Filter>ZZZMisc\Generated Files</Filter>
    </ClInclude>
    <ClInclude Include="ImageManagerService.h">
      <Filter>Services\ImageManagerService</Filter>
    </ClInclude>
    <ClInclude Include="DownloadService.h">
      <Filter>Services\DownloadService</Filter>
    </ClInclude>
    <ClInclude Include="UpdateScope.h">
      <Filter>Services\TimelineService</Filter>
    </ClInclude>
    <ClInclude Include="UpdateService.h">
      <Filter>Services\UpdateService</Filter>
    </ClInclude>
    <ClInclude Include="PictureWindow.h">
      <Filter>Controls\PictureWindow</Filter>
    </ClInclude>
    <ClInclude Include="WindowService.h">
      <Filter>Services\WindowService</Filter>
    </ClInclude>
    <ClInclude Include="PictureWindowCopyCommand.h">
      <Filter>Controls\PictureWindow\Commands</Filter>
    </ClInclude>
    <ClInclude Include="TimelineImageService.h">
      <Filter>Services\TimelineService</Filter>
    </ClInclude>
    <ClInclude Include="TimelineCleanupService.h">
      <Filter>Services\TimelineService</Filter>
    </ClInclude>
    <ClInclude Include="SkinTabControl.h">
      <Filter>Services\SkinService\Default</Filter>
    </ClInclude>
    <ClInclude Include="CustomTabControl.h">
      <Filter>Controls\TabControl</Filter>
    </ClInclude>
    <ClInclude Include="SkinCommonControl.h">
      <Filter>Services\SkinService\Default</Filter>
    </ClInclude>
    <ClInclude Include="ScrollControl.h">
      <Filter>Controls\TabControl</Filter>
    </ClInclude>
    <ClInclude Include="AnimationTimerSupport.h">
      <Filter>Utils</Filter>
    </ClInclude>
    <ClInclude Include="UserInfoControl.h">
      <Filter>Controls\UserInfoControl</Filter>
    </ClInclude>
    <ClInclude Include="UserAccountControl.h">
      <Filter>Controls\UserAccountControl</Filter>
    </ClInclude>
    <ClInclude Include="SkinUserAccountControl.h">
      <Filter>Services\SkinService\Default</Filter>
    </ClInclude>
    <ClInclude Include="TabbedControlStatusService.h">
      <Filter>Services\TabbedControlStatusService</Filter>
    </ClInclude>
    <ClInclude Include="HomeTimeLineControl.h">
      <Filter>Controls\HomeTimeLineControl</Filter>
    </ClInclude>
    <ClInclude Include="TwitViewControl.h">
      <Filter>Controls\TwitViewControl</Filter>
    </ClInclude>
    <ClInclude Include="BaseTimeLineControl.h">
      <Filter>Controls\HomeTimeLineControl</Filter>
    </ClInclude>
    <ClInclude Include="TwitViewRepliesService.h">
      <Filter>Services\TwitViewRepliesService</Filter>
    </ClInclude>
    <ClInclude Include="TimelineControlOpenInBrowserCommand.h">
      <Filter>Controls\TimelineControl\Commands</Filter>
    </ClInclude>
    <ClInclude Include="SearchControl.h">
      <Filter>Controls\SearchControl</Filter>
    </ClInclude>
    <ClInclude Include="SearchTimelineControl.h">
      <Filter>Controls\SearchTimelineControl</Filter>
    </ClInclude>
    <ClInclude Include="SearchTimelineService.h">
      <Filter>Services\SearchTimelineService</Filter>
    </ClInclude>
    <ClInclude Include="GdilPlusUtils.h">
      <Filter>Utils</Filter>
    </ClInclude>
    <ClInclude Include="PictureWindowSaveCommand.h">
      <Filter>Controls\PictureWindow\Commands</Filter>
    </ClInclude>
    <ClInclude Include="TimelineRelativeTimeService.h">
      <Filter>Services\TimelineService</Filter>
    </ClInclude>
    <ClInclude Include="ColumnsInfo.h">
      <Filter>Controls\TimelineControl\Controls</Filter>
    </ClInclude>
    <ClInclude Include="ColumnsInfoItem.h">
      <Filter>Controls\TimelineControl\Controls</Filter>
    </ClInclude>
    <ClInclude Include="FollowService.h">
      <Filter>Services\FollowService</Filter>
    </ClInclude>
  </ItemGroup>
  <ItemGroup>
    <ResourceCompile Include="twitter.rc">
      <Filter>ZZZMisc\Resource Files</Filter>
    </ResourceCompile>
  </ItemGroup>
  <ItemGroup>
    <None Include="twitter.def">
      <Filter>ZZZMisc\Source Files</Filter>
    </None>
    <None Include="SkinTabControl.rgs">
      <Filter>ZZZMisc\Resource Files</Filter>
    </None>
  </ItemGroup>
  <ItemGroup>
    <Midl Include="twitter.idl">
      <Filter>ZZZMisc\Source Files</Filter>
    </Midl>
    <Midl Include="..\twiconn\twitconn_contract_i.idl">
      <Filter>ZZZMisc\Source Files</Filter>
    </Midl>
    <Midl Include="..\model-libs\asyncsvc\asyncsvc_contract_i.idl">
      <Filter>ZZZMisc\Source Files</Filter>
    </Midl>
    <Midl Include="..\model-libs\ObjMdl\objmdl_contract_i.idl">
      <Filter>ZZZMisc\Source Files</Filter>
    </Midl>
    <Midl Include="..\model-libs\ViewMdl\viewmdl_contract_i.idl">
      <Filter>ZZZMisc\Source Files</Filter>
    </Midl>
  </ItemGroup>
  <ItemGroup>
    <Text Include="ReadMe.txt">
      <Filter>ZZZMisc</Filter>
    </Text>
  </ItemGroup>
  <ItemGroup>
    <Image Include="res\Twitter.ico">
      <Filter>ZZZMisc\Resource Files</Filter>
    </Image>
    <Image Include="..\Host\res\Twitter.ico">
      <Filter>ZZZMisc\Resource Files</Filter>
    </Image>
    <Image Include="..\Host\res\Twitter_XP.ico">
      <Filter>ZZZMisc\Resource Files</Filter>
    </Image>
    <Image Include="res\home.png">
      <Filter>ZZZMisc\Resource Files</Filter>
    </Image>
    <Image Include="res\services.png">
      <Filter>ZZZMisc\Resource Files</Filter>
    </Image>
    <Image Include="res\error.png">
      <Filter>ZZZMisc\Resource Files</Filter>
    </Image>
    <Image Include="res\info.png">
      <Filter>ZZZMisc\Resource Files</Filter>
    </Image>
  </ItemGroup>
</Project>